
Microsoft Visual Studio Solution File, Format Version 12.00
# Visual Studio 15
VisualStudioVersion = 15.0.28307.1259
MinimumVisualStudioVersion = 10.0.40219.1
Project("{00D1A9C2-B5F0-4AF3-8072-F6C62B433612}") = "DBTest4Real", "DBTest4Real\DBTest4Real.sqlproj", "{801FF2F2-8C4E-4A40-BE95-694F31BE3CAA}"
EndProject
Global
	GlobalSection(SolutionConfigurationPlatforms) = preSolution
		Debug|Any CPU = Debug|Any CPU
		Release|Any CPU = Release|Any CPU
	EndGlobalSection
	GlobalSection(ProjectConfigurationPlatforms) = postSolution
		{801FF2F2-8C4E-4A40-BE95-694F31BE3CAA}.Debug|Any CPU.ActiveCfg = Debug|Any CPU
		{801FF2F2-8C4E-4A40-BE95-694F31BE3CAA}.Debug|Any CPU.Build.0 = Debug|Any CPU
		{801FF2F2-8C4E-4A40-BE95-694F31BE3CAA}.Debug|Any CPU.Deploy.0 = Debug|Any CPU
		{801FF2F2-8C4E-4A40-BE95-694F31BE3CAA}.Release|Any CPU.ActiveCfg = Release|Any CPU
		{801FF2F2-8C4E-4A40-BE95-694F31BE3CAA}.Release|Any CPU.Build.0 = Release|Any CPU
		{801FF2F2-8C4E-4A40-BE95-694F31BE3CAA}.Release|Any CPU.Deploy.0 = Release|Any CPU
	EndGlobalSection
	GlobalSection(SolutionProperties) = preSolution
		HideSolutionNode = FALSE
	EndGlobalSection
	GlobalSection(ExtensibilityGlobals) = postSolution
		SolutionGuid = {A3F0BAE3-E362-4CAB-AF9E-F0B807FCD137}
	EndGlobalSection
EndGlobal
